{
  "requires": true,
  "lockfileVersion": 1,
  "dependencies": {
    "bower": {
      "version": "1.8.4",
      "resolved": "https://registry.npmjs.org/bower/-/bower-1.8.4.tgz",
      "integrity": "sha512-2kDRcfFJ6Crk9Q+yCtmJkWB4X/R4udZQyIxetoXSGrpJnp6AEAWbcKEesKSYSJMrZ9JWQTw8osNcBkyC0Up52A==",
      "dev": true
    }
  }
}
